lockfileVersion: '9.0'

settings:
  autoInstallPeers: true
  excludeLinksFromLockfile: false

importers:

  .:
    dependencies:
      fingerprint-generator:
        specifier: ^2.1.81
        version: 2.1.81
      fingerprint-injector:
        specifier: ^2.1.81
        version: 2.1.81

packages:

  '@sindresorhus/is@4.6.0':
    resolution: {integrity: sha512-t09vSN3MdfsyCHoFcTRCH/iUtG7OJ0CsjzB8cjAmKc/va/kIgeDI/TxsigdncE/4be734m0cvIYwNaV4i2XqAw==}
    engines: {node: '>=10'}

  adm-zip@0.5.16:
    resolution: {integrity: sha512-TGw5yVi4saajsSEgz25grObGHEUaDrniwvA2qwSC060KfqGPdglhvPMA2lPIoxs3PQIItj2iag35fONcQqgUaQ==}
    engines: {node: '>=12.0'}

  baseline-browser-mapping@2.10.8:
    resolution: {integrity: sha512-PCLz/LXGBsNTErbtB6i5u4eLpHeMfi93aUv5duMmj6caNu6IphS4q6UevDnL36sZQv9lrP11dbPKGMaXPwMKfQ==}
    engines: {node: '>=6.0.0'}
    hasBin: true

  browserslist@4.28.1:
    resolution: {integrity: sha512-ZC5Bd0LgJXgwGqUknZY/vkUQ04r8NXnJZ3yYi4vDmSiZmC/pdSN0NbNRPxZpbtO4uAfDUAFffO8IZoM3Gj8IkA==}
    engines: {node: ^6 || ^7 || ^8 || ^9 || ^10 || ^11 || ^12 || >=13.7}
    hasBin: true

  callsites@3.1.0:
    resolution: {integrity: sha512-P8BjAsXvZS+VIDUI11hHCQEv74YT67YUi5JJFNWIqL235sBmjX4+qx9Muvls5ivyNENctx46xQLQ3aTuE7ssaQ==}
    engines: {node: '>=6'}

  caniuse-lite@1.0.30001779:
    resolution: {integrity: sha512-U5og2PN7V4DMgF50YPNtnZJGWVLFjjsN3zb6uMT5VGYIewieDj1upwfuVNXf4Kor+89c3iCRJnSzMD5LmTvsfA==}

  dot-prop@6.0.1:
    resolution: {integrity: sha512-tE7ztYzXHIeyvc7N+hR3oi7FIbf/NIjVP9hmAt3yMXzrQ072/fpjGLx2GxNxGxUl5V73MEqYzioOMoVhGMJ5cA==}
    engines: {node: '>=10'}

  electron-to-chromium@1.5.313:
    resolution: {integrity: sha512-QBMrTWEf00GXZmJyx2lbYD45jpI3TUFnNIzJ5BBc8piGUDwMPa1GV6HJWTZVvY/eiN3fSopl7NRbgGp9sZ9LTA==}

  escalade@3.2.0:
    resolution: {integrity: sha512-WUj2qlxaQtO4g6Pq5c29GTcWGDyd8itL8zTlipgECz3JesAiiOKotd8JU6otB3PACgG6xkJUyVhboMS+bje/jA==}
    engines: {node: '>=6'}

  fingerprint-generator@2.1.81:
    resolution: {integrity: sha512-R8Cgnv9AhsTG8MN+DCuFolq2cJPdTNDKOM11EaRSCfRBnBGsPWTTm9e3INld1rzU+bMITvqAcghlCjXOVCrYUA==}
    engines: {node: '>=16.0.0'}

  fingerprint-injector@2.1.81:
    resolution: {integrity: sha512-/HlE+pDTety9ygiYHdlh+7lDhrm5sxOB7ThWdhDwDVqSr7zI4D/Ruqhg7iDmxMLVWTcUCXsiA9h9tgQgSiPolw==}
    engines: {node: '>=16.0.0'}
    peerDependencies:
      playwright: ^1.22.2
      puppeteer: '>= 9.x'
    peerDependenciesMeta:
      playwright:
        optional: true
      puppeteer:
        optional: true

  generative-bayesian-network@2.1.81:
    resolution: {integrity: sha512-LrYK+CY5n21p437oahz8jRqTgw0i+S08H+ypag1sgZilfCj33k8Tp8kcFtPiWKsEEJ6niN9gRFP12+r06xB4rQ==}

  header-generator@2.1.81:
    resolution: {integrity: sha512-6+27UuqCHFx4xrTWIgcSF/x2WJ+PuVLxziXfPaVLRXi1lXIbTkXO+ffHJefVrdRT5/XEeWfJHrSIE2m1hAdWxw==}
    engines: {node: '>=16.0.0'}

  is-obj@2.0.0:
    resolution: {integrity: sha512-drqDG3cbczxxEJRoOXcOjtdp1J/lyp1mNn0xaznRs8+muBhgQcrnbspox5X5fOw0HnMnbfDzvnEMEtqDEJEo8w==}
    engines: {node: '>=8'}

  lodash.isequal@4.5.0:
    resolution: {integrity: sha512-pDo3lu8Jhfjqls6GkMgpahsF9kCyayhgykjyLMNFTKWrpVdAQtYyB4muAMWozBB4ig/dtWAmsMxLEI8wuz+DYQ==}
    deprecated: This package is deprecated. Use require('node:util').isDeepStrictEqual instead.

  node-releases@2.0.36:
    resolution: {integrity: sha512-TdC8FSgHz8Mwtw9g5L4gR/Sh9XhSP/0DEkQxfEFXOpiul5IiHgHan2VhYYb6agDSfp4KuvltmGApc8HMgUrIkA==}

  ow@0.28.2:
    resolution: {integrity: sha512-dD4UpyBh/9m4X2NVjA+73/ZPBRF+uF4zIMFvvQsabMiEK8x41L3rQ8EENOi35kyyoaJwNxEeJcP6Fj1H4U409Q==}
    engines: {node: '>=12'}

  picocolors@1.1.1:
    resolution: {integrity: sha512-xceH2snhtb5M9liqDsmEw56le376mTZkEX/jEb/RxNFyegNul7eNslCXP9FDj/Lcu0X8KEyMceP2ntpaHrDEVA==}

  tslib@2.8.1:
    resolution: {integrity: sha512-oJFu94HQb+KVduSUQL7wnpmqnfmLsOA/nAh6b6EH0wCEoK0/mPeXU6c3wKDV83MkOuHPRHtSXKKU99IBazS/2w==}

  update-browserslist-db@1.2.3:
    resolution: {integrity: sha512-Js0m9cx+qOgDxo0eMiFGEueWztz+d4+M3rGlmKPT+T4IS/jP4ylw3Nwpu6cpTTP8R1MAC1kF4VbdLt3ARf209w==}
    hasBin: true
    peerDependencies:
      browserslist: '>= 4.21.0'

  vali-date@1.0.0:
    resolution: {integrity: sha512-sgECfZthyaCKW10N0fm27cg8HYTFK5qMWgypqkXMQ4Wbl/zZKx7xZICgcoxIIE+WFAP/MBL2EFwC/YvLxw3Zeg==}
    engines: {node: '>=0.10.0'}

snapshots:

  '@sindresorhus/is@4.6.0': {}

  adm-zip@0.5.16: {}

  baseline-browser-mapping@2.10.8: {}

  browserslist@4.28.1:
    dependencies:
      baseline-browser-mapping: 2.10.8
      caniuse-lite: 1.0.30001779
      electron-to-chromium: 1.5.313
      node-releases: 2.0.36
      update-browserslist-db: 1.2.3(browserslist@4.28.1)

  callsites@3.1.0: {}

  caniuse-lite@1.0.30001779: {}

  dot-prop@6.0.1:
    dependencies:
      is-obj: 2.0.0

  electron-to-chromium@1.5.313: {}

  escalade@3.2.0: {}

  fingerprint-generator@2.1.81:
    dependencies:
      generative-bayesian-network: 2.1.81
      header-generator: 2.1.81
      tslib: 2.8.1

  fingerprint-injector@2.1.81:
    dependencies:
      fingerprint-generator: 2.1.81
      tslib: 2.8.1

  generative-bayesian-network@2.1.81:
    dependencies:
      adm-zip: 0.5.16
      tslib: 2.8.1

  header-generator@2.1.81:
    dependencies:
      browserslist: 4.28.1
      generative-bayesian-network: 2.1.81
      ow: 0.28.2
      tslib: 2.8.1

  is-obj@2.0.0: {}

  lodash.isequal@4.5.0: {}

  node-releases@2.0.36: {}

  ow@0.28.2:
    dependencies:
      '@sindresorhus/is': 4.6.0
      callsites: 3.1.0
      dot-prop: 6.0.1
      lodash.isequal: 4.5.0
      vali-date: 1.0.0

  picocolors@1.1.1: {}

  tslib@2.8.1: {}

  update-browserslist-db@1.2.3(browserslist@4.28.1):
    dependencies:
      browserslist: 4.28.1
      escalade: 3.2.0
      picocolors: 1.1.1

  vali-date@1.0.0: {}
